#MicroXplorer Configuration settings - do not modify
CAD.formats=
CAD.pinconfig=
CAD.provider=
CORTEX_M7.BaseAddress-Cortex_Memory_Protection_Unit_Region1_Settings=0x24000000
CORTEX_M7.CPU_DCache=Disabled
CORTEX_M7.CPU_ICache=Enabled
CORTEX_M7.Enable-Cortex_Memory_Protection_Unit_Region0_Settings=__NULL
CORTEX_M7.Enable-Cortex_Memory_Protection_Unit_Region1_Settings=MPU_REGION_ENABLE
CORTEX_M7.Enable-Cortex_Memory_Protection_Unit_Region4_Settings=__NULL
CORTEX_M7.IPParameters=CPU_ICache,CPU_DCache,MPU_Control,Enable-Cortex_Memory_Protection_Unit_Region1_Settings,Enable-Cortex_Memory_Protection_Unit_Region4_Settings,Enable-Cortex_Memory_Protection_Unit_Region0_Settings,BaseAddress-Cortex_Memory_Protection_Unit_Region1_Settings,Size-Cortex_Memory_Protection_Unit_Region1_Settings,IsCacheable-Cortex_Memory_Protection_Unit_Region1_Settings,IsShareable-Cortex_Memory_Protection_Unit_Region1_Settings
CORTEX_M7.IsCacheable-Cortex_Memory_Protection_Unit_Region1_Settings=MPU_ACCESS_CACHEABLE
CORTEX_M7.IsShareable-Cortex_Memory_Protection_Unit_Region1_Settings=MPU_ACCESS_SHAREABLE
CORTEX_M7.MPU_Control=__NULL
CORTEX_M7.Size-Cortex_Memory_Protection_Unit_Region1_Settings=MPU_REGION_SIZE_512KB
Dma.Request0=UART5_RX
Dma.Request1=USART1_RX
Dma.Request2=USART1_TX
Dma.Request3=UART7_RX
Dma.Request4=USART10_RX
Dma.RequestsNb=5
Dma.UART5_RX.0.Direction=DMA_PERIPH_TO_MEMORY
Dma.UART5_RX.0.EventEnable=DISABLE
Dma.UART5_RX.0.FIFOMode=DMA_FIFOMODE_DISABLE
Dma.UART5_RX.0.Instance=DMA1_Stream0
Dma.UART5_RX.0.MemDataAlignment=DMA_MDATAALIGN_BYTE
Dma.UART5_RX.0.MemInc=DMA_MINC_ENABLE
Dma.UART5_RX.0.Mode=DMA_NORMAL
Dma.UART5_RX.0.PeriphDataAlignment=DMA_PDATAALIGN_BYTE
Dma.UART5_RX.0.PeriphInc=DMA_PINC_DISABLE
Dma.UART5_RX.0.Polarity=HAL_DMAMUX_REQ_GEN_RISING
Dma.UART5_RX.0.Priority=DMA_PRIORITY_VERY_HIGH
Dma.UART5_RX.0.RequestNumber=1
Dma.UART5_RX.0.RequestParameters=Instance,Direction,PeriphInc,MemInc,PeriphDataAlignment,MemDataAlignment,Mode,Priority,FIFOMode,SignalID,Polarity,RequestNumber,SyncSignalID,SyncPolarity,SyncEnable,EventEnable,SyncRequestNumber
Dma.UART5_RX.0.SignalID=NONE
Dma.UART5_RX.0.SyncEnable=DISABLE
Dma.UART5_RX.0.SyncPolarity=HAL_DMAMUX_SYNC_NO_EVENT
Dma.UART5_RX.0.SyncRequestNumber=1
Dma.UART5_RX.0.SyncSignalID=NONE
Dma.UART7_RX.3.Direction=DMA_PERIPH_TO_MEMORY
Dma.UART7_RX.3.EventEnable=DISABLE
Dma.UART7_RX.3.FIFOMode=DMA_FIFOMODE_DISABLE
Dma.UART7_RX.3.Instance=DMA1_Stream1
Dma.UART7_RX.3.MemDataAlignment=DMA_MDATAALIGN_BYTE
Dma.UART7_RX.3.MemInc=DMA_MINC_ENABLE
Dma.UART7_RX.3.Mode=DMA_NORMAL
Dma.UART7_RX.3.PeriphDataAlignment=DMA_PDATAALIGN_BYTE
Dma.UART7_RX.3.PeriphInc=DMA_PINC_DISABLE
Dma.UART7_RX.3.Polarity=HAL_DMAMUX_REQ_GEN_RISING
Dma.UART7_RX.3.Priority=DMA_PRIORITY_VERY_HIGH
Dma.UART7_RX.3.RequestNumber=1
Dma.UART7_RX.3.RequestParameters=Instance,Direction,PeriphInc,MemInc,PeriphDataAlignment,MemDataAlignment,Mode,Priority,FIFOMode,SignalID,Polarity,RequestNumber,SyncSignalID,SyncPolarity,SyncEnable,EventEnable,SyncRequestNumber
Dma.UART7_RX.3.SignalID=NONE
Dma.UART7_RX.3.SyncEnable=DISABLE
Dma.UART7_RX.3.SyncPolarity=HAL_DMAMUX_SYNC_NO_EVENT
Dma.UART7_RX.3.SyncRequestNumber=1
Dma.UART7_RX.3.SyncSignalID=NONE
Dma.USART10_RX.4.Direction=DMA_PERIPH_TO_MEMORY
Dma.USART10_RX.4.EventEnable=DISABLE
Dma.USART10_RX.4.FIFOMode=DMA_FIFOMODE_DISABLE
Dma.USART10_RX.4.Instance=DMA1_Stream3
Dma.USART10_RX.4.MemDataAlignment=DMA_MDATAALIGN_BYTE
Dma.USART10_RX.4.MemInc=DMA_MINC_ENABLE
Dma.USART10_RX.4.Mode=DMA_NORMAL
Dma.USART10_RX.4.PeriphDataAlignment=DMA_PDATAALIGN_BYTE
Dma.USART10_RX.4.PeriphInc=DMA_PINC_DISABLE
Dma.USART10_RX.4.Polarity=HAL_DMAMUX_REQ_GEN_RISING
Dma.USART10_RX.4.Priority=DMA_PRIORITY_VERY_HIGH
Dma.USART10_RX.4.RequestNumber=1
Dma.USART10_RX.4.RequestParameters=Instance,Direction,PeriphInc,MemInc,PeriphDataAlignment,MemDataAlignment,Mode,Priority,FIFOMode,SignalID,Polarity,RequestNumber,SyncSignalID,SyncPolarity,SyncEnable,EventEnable,SyncRequestNumber
Dma.USART10_RX.4.SignalID=NONE
Dma.USART10_RX.4.SyncEnable=DISABLE
Dma.USART10_RX.4.SyncPolarity=HAL_DMAMUX_SYNC_NO_EVENT
Dma.USART10_RX.4.SyncRequestNumber=1
Dma.USART10_RX.4.SyncSignalID=NONE
Dma.USART1_RX.1.Direction=DMA_PERIPH_TO_MEMORY
Dma.USART1_RX.1.EventEnable=DISABLE
Dma.USART1_RX.1.FIFOMode=DMA_FIFOMODE_DISABLE
Dma.USART1_RX.1.Instance=DMA1_Stream4
Dma.USART1_RX.1.MemDataAlignment=DMA_MDATAALIGN_BYTE
Dma.USART1_RX.1.MemInc=DMA_MINC_ENABLE
Dma.USART1_RX.1.Mode=DMA_NORMAL
Dma.USART1_RX.1.PeriphDataAlignment=DMA_PDATAALIGN_BYTE
Dma.USART1_RX.1.PeriphInc=DMA_PINC_DISABLE
Dma.USART1_RX.1.Polarity=HAL_DMAMUX_REQ_GEN_RISING
Dma.USART1_RX.1.Priority=DMA_PRIORITY_VERY_HIGH
Dma.USART1_RX.1.RequestNumber=1
Dma.USART1_RX.1.RequestParameters=Instance,Direction,PeriphInc,MemInc,PeriphDataAlignment,MemDataAlignment,Mode,Priority,FIFOMode,SignalID,Polarity,RequestNumber,SyncSignalID,SyncPolarity,SyncEnable,EventEnable,SyncRequestNumber
Dma.USART1_RX.1.SignalID=NONE
Dma.USART1_RX.1.SyncEnable=DISABLE
Dma.USART1_RX.1.SyncPolarity=HAL_DMAMUX_SYNC_NO_EVENT
Dma.USART1_RX.1.SyncRequestNumber=1
Dma.USART1_RX.1.SyncSignalID=NONE
Dma.USART1_TX.2.Direction=DMA_MEMORY_TO_PERIPH
Dma.USART1_TX.2.EventEnable=DISABLE
Dma.USART1_TX.2.FIFOMode=DMA_FIFOMODE_DISABLE
Dma.USART1_TX.2.Instance=DMA1_Stream5
Dma.USART1_TX.2.MemDataAlignment=DMA_MDATAALIGN_BYTE
Dma.USART1_TX.2.MemInc=DMA_MINC_ENABLE
Dma.USART1_TX.2.Mode=DMA_NORMAL
Dma.USART1_TX.2.PeriphDataAlignment=DMA_PDATAALIGN_BYTE
Dma.USART1_TX.2.PeriphInc=DMA_PINC_DISABLE
Dma.USART1_TX.2.Polarity=HAL_DMAMUX_REQ_GEN_RISING
Dma.USART1_TX.2.Priority=DMA_PRIORITY_VERY_HIGH
Dma.USART1_TX.2.RequestNumber=1
Dma.USART1_TX.2.RequestParameters=Instance,Direction,PeriphInc,MemInc,PeriphDataAlignment,MemDataAlignment,Mode,Priority,FIFOMode,SignalID,Polarity,RequestNumber,SyncSignalID,SyncPolarity,SyncEnable,EventEnable,SyncRequestNumber
Dma.USART1_TX.2.SignalID=NONE
Dma.USART1_TX.2.SyncEnable=DISABLE
Dma.USART1_TX.2.SyncPolarity=HAL_DMAMUX_SYNC_NO_EVENT
Dma.USART1_TX.2.SyncRequestNumber=1
Dma.USART1_TX.2.SyncSignalID=NONE
FDCAN1.AutoRetransmission=ENABLE
FDCAN1.CalculateBaudRateNominal=1000000
FDCAN1.CalculateTimeBitNominal=1000
FDCAN1.CalculateTimeQuantumNominal=166.66666666666666
FDCAN1.DataPrescaler=1
FDCAN1.DataSyncJumpWidth=1
FDCAN1.DataTimeSeg1=0xf
FDCAN1.DataTimeSeg2=0x4
FDCAN1.FrameFormat=FDCAN_FRAME_CLASSIC
FDCAN1.IPParameters=CalculateTimeQuantumNominal,CalculateTimeBitNominal,CalculateBaudRateNominal,FrameFormat,NominalTimeSeg1,NominalTimeSeg2,NominalPrescaler,DataPrescaler,DataTimeSeg1,DataTimeSeg2,StdFiltersNbr,RxFifo0ElmtsNbr,TxFifoQueueElmtsNbr,AutoRetransmission,DataSyncJumpWidth,ProtocolException
FDCAN1.NominalPrescaler=8
FDCAN1.NominalTimeSeg1=3
FDCAN1.NominalTimeSeg2=2
FDCAN1.ProtocolException=ENABLE
FDCAN1.RxFifo0ElmtsNbr=2
FDCAN1.StdFiltersNbr=1
FDCAN1.TxFifoQueueElmtsNbr=31
FDCAN2.AutoRetransmission=ENABLE
FDCAN2.CalculateBaudRateNominal=1000000
FDCAN2.CalculateTimeBitNominal=1000
FDCAN2.CalculateTimeQuantumNominal=166.66666666666666
FDCAN2.DataPrescaler=1
FDCAN2.DataTimeSeg1=0xf
FDCAN2.DataTimeSeg2=0x4
FDCAN2.IPParameters=CalculateTimeQuantumNominal,CalculateTimeBitNominal,CalculateBaudRateNominal,AutoRetransmission,DataPrescaler,DataTimeSeg1,DataTimeSeg2,StdFiltersNbr,RxFifo0ElmtsNbr,TxFifoQueueElmtsNbr,NominalPrescaler,NominalTimeSeg1,NominalTimeSeg2,MessageRAMOffset,RxFifo1ElmtsNbr,ProtocolException
FDCAN2.MessageRAMOffset=0x214
FDCAN2.NominalPrescaler=8
FDCAN2.NominalTimeSeg1=3
FDCAN2.NominalTimeSeg2=2
FDCAN2.ProtocolException=ENABLE
FDCAN2.RxFifo0ElmtsNbr=0
FDCAN2.RxFifo1ElmtsNbr=2
FDCAN2.StdFiltersNbr=1
FDCAN2.TxFifoQueueElmtsNbr=31
File.Version=6
GPIO.groupedBy=Group By Peripherals
IWDG1.IPParameters=Reload,Prescaler,Window
IWDG1.Prescaler=IWDG_PRESCALER_8
IWDG1.Reload=3200
IWDG1.Window=4095
KeepUserPlacement=false
Mcu.CPN=STM32H723VGT6
Mcu.Family=STM32H7
Mcu.IP0=CORTEX_M7
Mcu.IP1=DEBUG
Mcu.IP10=TIM1
Mcu.IP11=TIM6
Mcu.IP12=TIM12
Mcu.IP13=UART5
Mcu.IP14=UART7
Mcu.IP15=USART1
Mcu.IP16=USART10
Mcu.IP2=DMA
Mcu.IP3=FDCAN1
Mcu.IP4=FDCAN2
Mcu.IP5=IWDG1
Mcu.IP6=NVIC
Mcu.IP7=RCC
Mcu.IP8=SPI2
Mcu.IP9=SYS
Mcu.IPNb=17
Mcu.Name=STM32H723VGTx
Mcu.Package=LQFP100
Mcu.Pin0=PE2
Mcu.Pin1=PE3
Mcu.Pin10=PE7
Mcu.Pin11=PE8
Mcu.Pin12=PE13
Mcu.Pin13=PB13
Mcu.Pin14=PB15
Mcu.Pin15=PA9
Mcu.Pin16=PA10
Mcu.Pin17=PA13(JTMS/SWDIO)
Mcu.Pin18=PA14(JTCK/SWCLK)
Mcu.Pin19=PC12
Mcu.Pin2=PC14-OSC32_IN
Mcu.Pin20=PD0
Mcu.Pin21=PD1
Mcu.Pin22=PD2
Mcu.Pin23=PB5
Mcu.Pin24=PB6
Mcu.Pin25=VP_IWDG1_VS_IWDG
Mcu.Pin26=VP_SYS_VS_Systick
Mcu.Pin27=VP_TIM1_VS_ClockSourceINT
Mcu.Pin28=VP_TIM6_VS_ClockSourceINT
Mcu.Pin29=VP_TIM12_VS_ClockSourceINT
Mcu.Pin3=PC15-OSC32_OUT
Mcu.Pin4=PH0-OSC_IN
Mcu.Pin5=PH1-OSC_OUT
Mcu.Pin6=PC0
Mcu.Pin7=PC1
Mcu.Pin8=PC2_C
Mcu.Pin9=PC3_C
Mcu.PinsNb=30
Mcu.ThirdPartyNb=0
Mcu.UserConstants=
Mcu.UserName=STM32H723VGTx
MxCube.Version=6.10.0
MxDb.Version=DB.6.0.100
NVIC.BusFault_IRQn=true\:0\:0\:false\:false\:true\:false\:false\:false
NVIC.DMA1_Stream0_IRQn=true\:1\:0\:true\:false\:true\:false\:true\:true
NVIC.DMA1_Stream1_IRQn=true\:0\:0\:false\:false\:true\:false\:true\:true
NVIC.DMA1_Stream3_IRQn=true\:0\:0\:false\:false\:true\:false\:true\:true
NVIC.DMA1_Stream4_IRQn=true\:0\:0\:false\:false\:true\:false\:true\:true
NVIC.DMA1_Stream5_IRQn=true\:0\:0\:false\:false\:true\:false\:true\:true
NVIC.DebugMonitor_IRQn=true\:0\:0\:false\:false\:true\:false\:false\:false
NVIC.FDCAN1_IT0_IRQn=true\:2\:0\:true\:false\:true\:true\:true\:true
NVIC.FDCAN2_IT0_IRQn=true\:2\:0\:true\:false\:true\:true\:true\:true
NVIC.FDCAN2_IT1_IRQn=true\:1\:0\:true\:false\:true\:true\:true\:true
NVIC.ForceEnableDMAVector=true
NVIC.HardFault_IRQn=true\:0\:0\:false\:false\:true\:false\:false\:false
NVIC.MemoryManagement_IRQn=true\:0\:0\:false\:false\:true\:false\:false\:false
NVIC.NonMaskableInt_IRQn=true\:0\:0\:false\:false\:true\:false\:false\:false
NVIC.PendSV_IRQn=true\:0\:0\:false\:false\:true\:false\:false\:false
NVIC.PriorityGroup=NVIC_PRIORITYGROUP_4
NVIC.SVCall_IRQn=true\:0\:0\:false\:false\:true\:false\:false\:false
NVIC.SysTick_IRQn=true\:15\:0\:false\:false\:true\:false\:true\:false
NVIC.TIM6_DAC_IRQn=true\:3\:0\:true\:false\:true\:true\:true\:true
NVIC.UART5_IRQn=true\:0\:0\:false\:false\:true\:true\:true\:true
NVIC.UART7_IRQn=true\:0\:0\:false\:false\:true\:true\:true\:true
NVIC.USART10_IRQn=true\:0\:0\:false\:false\:true\:true\:true\:true
NVIC.USART1_IRQn=true\:0\:0\:false\:false\:true\:true\:true\:true
NVIC.UsageFault_IRQn=true\:0\:0\:false\:false\:true\:false\:false\:false
PA10.GPIOParameters=GPIO_Speed
PA10.GPIO_Speed=GPIO_SPEED_FREQ_VERY_HIGH
PA10.Locked=true
PA10.Mode=Asynchronous
PA10.Signal=USART1_RX
PA13(JTMS/SWDIO).Mode=Serial_Wire
PA13(JTMS/SWDIO).Signal=DEBUG_JTMS-SWDIO
PA14(JTCK/SWCLK).Mode=Serial_Wire
PA14(JTCK/SWCLK).Signal=DEBUG_JTCK-SWCLK
PA9.GPIOParameters=GPIO_Speed
PA9.GPIO_Speed=GPIO_SPEED_FREQ_VERY_HIGH
PA9.Locked=true
PA9.Mode=Asynchronous
PA9.Signal=USART1_TX
PB13.Locked=true
PB13.Mode=Full_Duplex_Master
PB13.Signal=SPI2_SCK
PB15.Locked=true
PB15.Signal=S_TIM12_CH2
PB5.Locked=true
PB5.Mode=FDCAN_Activate
PB5.Signal=FDCAN2_RX
PB6.GPIOParameters=GPIO_FM6
PB6.GPIO_FM6=SYSCFG_PMCR_I2C_PB6_FMP
PB6.Mode=FDCAN_Activate
PB6.Signal=FDCAN2_TX
PC0.GPIOParameters=GPIO_Speed,PinState
PC0.GPIO_Speed=GPIO_SPEED_FREQ_VERY_HIGH
PC0.Locked=true
PC0.PinState=GPIO_PIN_SET
PC0.Signal=GPIO_Output
PC1.Mode=Full_Duplex_Master
PC1.Signal=SPI2_MOSI
PC12.Mode=Asynchronous
PC12.Signal=UART5_TX
PC14-OSC32_IN.GPIOParameters=PinState
PC14-OSC32_IN.Locked=true
PC14-OSC32_IN.PinState=GPIO_PIN_RESET
PC14-OSC32_IN.Signal=GPIO_Output
PC15-OSC32_OUT.GPIOParameters=PinState
PC15-OSC32_OUT.Locked=true
PC15-OSC32_OUT.PinState=GPIO_PIN_RESET
PC15-OSC32_OUT.Signal=GPIO_Output
PC2_C.Mode=Full_Duplex_Master
PC2_C.Signal=SPI2_MISO
PC3_C.GPIOParameters=GPIO_Speed,PinState
PC3_C.GPIO_Speed=GPIO_SPEED_FREQ_VERY_HIGH
PC3_C.Locked=true
PC3_C.PinState=GPIO_PIN_SET
PC3_C.Signal=GPIO_Output
PD0.Locked=true
PD0.Mode=FDCAN_Activate
PD0.Signal=FDCAN1_RX
PD1.Locked=true
PD1.Mode=FDCAN_Activate
PD1.Signal=FDCAN1_TX
PD2.Locked=true
PD2.Mode=Asynchronous
PD2.Signal=UART5_RX
PE13.Locked=true
PE13.Signal=S_TIM1_CH3
PE2.Locked=true
PE2.Mode=Asynchronous
PE2.Signal=USART10_RX
PE3.Mode=Asynchronous
PE3.Signal=USART10_TX
PE7.Mode=Asynchronous
PE7.Signal=UART7_RX
PE8.Mode=Asynchronous
PE8.Signal=UART7_TX
PH0-OSC_IN.Mode=HSE-External-Oscillator
PH0-OSC_IN.Signal=RCC_OSC_IN
PH1-OSC_OUT.Mode=HSE-External-Oscillator
PH1-OSC_OUT.Signal=RCC_OSC_OUT
PinOutPanel.RotationAngle=0
ProjectManager.AskForMigrate=true
ProjectManager.BackupPrevious=false
ProjectManager.CompilerOptimize=6
ProjectManager.ComputerToolchain=false
ProjectManager.CoupleFile=true
ProjectManager.CustomerFirmwarePackage=
ProjectManager.DefaultFWLocation=true
ProjectManager.DeletePrevious=true
ProjectManager.DeviceId=STM32H723VGTx
ProjectManager.FirmwarePackage=STM32Cube FW_H7 V1.11.1
ProjectManager.FreePins=true
ProjectManager.HalAssertFull=true
ProjectManager.HeapSize=0x200
ProjectManager.KeepUserCode=true
ProjectManager.LastFirmware=true
ProjectManager.LibraryCopy=1
ProjectManager.MainLocation=Core/Src
ProjectManager.NoMain=false
ProjectManager.PreviousToolchain=STM32CubeIDE
ProjectManager.ProjectBuild=false
ProjectManager.ProjectFileName=Chassis_H7.ioc
ProjectManager.ProjectName=Chassis_H7
ProjectManager.ProjectStructure=
ProjectManager.RegisterCallBack=
ProjectManager.StackSize=0x400
ProjectManager.TargetToolchain=STM32CubeIDE
ProjectManager.ToolChainLocation=
ProjectManager.UAScriptAfterPath=
ProjectManager.UAScriptBeforePath=
ProjectManager.UnderRoot=true
ProjectManager.functionlistsort=1-SystemClock_Config-RCC-false-HAL-false,2-MX_GPIO_Init-GPIO-false-HAL-true,3-MX_DMA_Init-DMA-false-HAL-true,4-MX_TIM6_Init-TIM6-false-HAL-true,5-MX_FDCAN1_Init-FDCAN1-false-HAL-true,6-MX_FDCAN2_Init-FDCAN2-false-HAL-true,7-MX_UART5_Init-UART5-false-HAL-true,8-MX_SPI2_Init-SPI2-false-HAL-true,9-MX_IWDG1_Init-IWDG1-false-HAL-true,10-MX_TIM12_Init-TIM12-false-HAL-true,11-MX_TIM1_Init-TIM1-false-HAL-true,12-MX_USART1_UART_Init-USART1-false-HAL-true,13-MX_UART7_Init-UART7-false-HAL-true,14-MX_USART10_UART_Init-USART10-false-HAL-true,0-MX_CORTEX_M7_Init-CORTEX_M7-false-HAL-true
RCC.ADCFreq_Value=96000000
RCC.AHB12Freq_Value=275000000
RCC.AHB4Freq_Value=275000000
RCC.APB1Freq_Value=137500000
RCC.APB2Freq_Value=137500000
RCC.APB3Freq_Value=137500000
RCC.APB4Freq_Value=137500000
RCC.AXIClockFreq_Value=275000000
RCC.CECFreq_Value=32000
RCC.CKPERFreq_Value=64000000
RCC.CortexFreq_Value=550000000
RCC.CpuClockFreq_Value=550000000
RCC.D1CPREFreq_Value=550000000
RCC.D1PPRE=RCC_APB3_DIV2
RCC.D2PPRE1=RCC_APB1_DIV2
RCC.D2PPRE2=RCC_APB2_DIV2
RCC.D3PPRE=RCC_APB4_DIV2
RCC.DFSDMACLkFreq_Value=110000000
RCC.DFSDMFreq_Value=137500000
RCC.DIVM1=3
RCC.DIVM2=2
RCC.DIVN1=68
RCC.DIVN2=16
RCC.DIVP1=1
RCC.DIVP1Freq_Value=550000000
RCC.DIVP2Freq_Value=96000000
RCC.DIVP3Freq_Value=48375000
RCC.DIVQ1=5
RCC.DIVQ1Freq_Value=110000000
RCC.DIVQ2=4
RCC.DIVQ2Freq_Value=48000000
RCC.DIVQ3Freq_Value=48375000
RCC.DIVR1Freq_Value=275000000
RCC.DIVR2Freq_Value=96000000
RCC.DIVR3Freq_Value=48375000
RCC.FDCANCLockSelection=RCC_FDCANCLKSOURCE_PLL2
RCC.FDCANFreq_Value=48000000
RCC.FMCFreq_Value=275000000
RCC.FamilyName=M
RCC.HCLK3ClockFreq_Value=275000000
RCC.HCLKFreq_Value=275000000
RCC.HPRE=RCC_HCLK_DIV2
RCC.HSE_VALUE=24000000
RCC.I2C123Freq_Value=137500000
RCC.I2C4Freq_Value=137500000
RCC.IPParameters=ADCFreq_Value,AHB12Freq_Value,AHB4Freq_Value,APB1Freq_Value,APB2Freq_Value,APB3Freq_Value,APB4Freq_Value,AXIClockFreq_Value,CECFreq_Value,CKPERFreq_Value,CortexFreq_Value,CpuClockFreq_Value,D1CPREFreq_Value,D1PPRE,D2PPRE1,D2PPRE2,D3PPRE,DFSDMACLkFreq_Value,DFSDMFreq_Value,DIVM1,DIVM2,DIVN1,DIVN2,DIVP1,DIVP1Freq_Value,DIVP2Freq_Value,DIVP3Freq_Value,DIVQ1,DIVQ1Freq_Value,DIVQ2,DIVQ2Freq_Value,DIVQ3Freq_Value,DIVR1Freq_Value,DIVR2Freq_Value,DIVR3Freq_Value,FDCANCLockSelection,FDCANFreq_Value,FMCFreq_Value,FamilyName,HCLK3ClockFreq_Value,HCLKFreq_Value,HPRE,HSE_VALUE,I2C123Freq_Value,I2C4Freq_Value,LPTIM1Freq_Value,LPTIM2Freq_Value,LPTIM345Freq_Value,LPUART1Freq_Value,LTDCFreq_Value,MCO1PinFreq_Value,MCO2PinFreq_Value,PLL2FRACN,PLL3FRACN,PLL3_VCO_SEL-AdvancedSettings,PLLFRACN,PLLSourceVirtual,QSPIFreq_Value,RNGFreq_Value,RTCFreq_Value,SAI1Freq_Value,SAI4AFreq_Value,SAI4BFreq_Value,SDMMCFreq_Value,SPDIFRXFreq_Value,SPI123Freq_Value,SPI45Freq_Value,SPI6Freq_Value,SWPMI1Freq_Value,SYSCLKFreq_VALUE,SYSCLKSource,Tim1OutputFreq_Value,Tim2OutputFreq_Value,TraceFreq_Value,USART16Freq_Value,USART234578Freq_Value,USBFreq_Value,VCO1OutputFreq_Value,VCO2OutputFreq_Value,VCO3OutputFreq_Value,VCOInput1Freq_Value,VCOInput2Freq_Value,VCOInput3Freq_Value
RCC.LPTIM1Freq_Value=137500000
RCC.LPTIM2Freq_Value=137500000
RCC.LPTIM345Freq_Value=137500000
RCC.LPUART1Freq_Value=137500000
RCC.LTDCFreq_Value=48375000
RCC.MCO1PinFreq_Value=64000000
RCC.MCO2PinFreq_Value=550000000
RCC.PLL2FRACN=0
RCC.PLL3FRACN=0
RCC.PLL3_VCO_SEL-AdvancedSettings=RCC_PLL3VCOMEDIUM
RCC.PLLFRACN=6144
RCC.PLLSourceVirtual=RCC_PLLSOURCE_HSE
RCC.QSPIFreq_Value=275000000
RCC.RNGFreq_Value=48000000
RCC.RTCFreq_Value=32000
RCC.SAI1Freq_Value=110000000
RCC.SAI4AFreq_Value=110000000
RCC.SAI4BFreq_Value=110000000
RCC.SDMMCFreq_Value=110000000
RCC.SPDIFRXFreq_Value=110000000
RCC.SPI123Freq_Value=110000000
RCC.SPI45Freq_Value=137500000
RCC.SPI6Freq_Value=137500000
RCC.SWPMI1Freq_Value=137500000
RCC.SYSCLKFreq_VALUE=550000000
RCC.SYSCLKSource=RCC_SYSCLKSOURCE_PLLCLK
RCC.Tim1OutputFreq_Value=275000000
RCC.Tim2OutputFreq_Value=275000000
RCC.TraceFreq_Value=275000000
RCC.USART16Freq_Value=137500000
RCC.USART234578Freq_Value=137500000
RCC.USBFreq_Value=110000000
RCC.VCO1OutputFreq_Value=550000000
RCC.VCO2OutputFreq_Value=192000000
RCC.VCO3OutputFreq_Value=96750000
RCC.VCOInput1Freq_Value=8000000
RCC.VCOInput2Freq_Value=12000000
RCC.VCOInput3Freq_Value=750000
SH.S_TIM12_CH2.0=TIM12_CH2,PWM Generation2 CH2
SH.S_TIM12_CH2.ConfNb=1
SH.S_TIM1_CH3.0=TIM1_CH3,PWM Generation3 CH3
SH.S_TIM1_CH3.ConfNb=1
SPI2.BaudRatePrescaler=SPI_BAUDRATEPRESCALER_32
SPI2.CalculateBaudRate=3.4375 MBits/s
SPI2.DataSize=SPI_DATASIZE_8BIT
SPI2.Direction=SPI_DIRECTION_2LINES
SPI2.IPParameters=VirtualType,Mode,Direction,CalculateBaudRate,DataSize,BaudRatePrescaler
SPI2.Mode=SPI_MODE_MASTER
SPI2.VirtualType=VM_MASTER
TIM1.Channel-PWM\ Generation3\ CH3=TIM_CHANNEL_3
TIM1.IPParameters=Channel-PWM Generation3 CH3,Prescaler,Period
TIM1.Period=1000-1
TIM1.Prescaler=550-1
TIM12.Channel-PWM\ Generation2\ CH2=TIM_CHANNEL_2
TIM12.IPParameters=Channel-PWM Generation2 CH2,Prescaler,Period
TIM12.Period=0
TIM12.Prescaler=275-1
TIM6.IPParameters=Prescaler,Period
TIM6.Period=1000-1
TIM6.Prescaler=275-1
UART5.BaudRate=100000
UART5.DataInvertParam=UART_ADVFEATURE_DATAINV_DISABLE
UART5.IPParameters=BaudRate,WordLength,Parity,Mode,StopBits,DataInvertParam,RxPinLevelInvertParam
UART5.Mode=MODE_RX
UART5.Parity=PARITY_EVEN
UART5.RxPinLevelInvertParam=UART_ADVFEATURE_RXINV_DISABLE
UART5.StopBits=UART_STOPBITS_1
UART5.WordLength=WORDLENGTH_9B
UART7.BaudRate=921600
UART7.IPParameters=BaudRate
USART1.FIFOMode=FIFOMODE_ENABLE
USART1.IPParameters=VirtualMode-Asynchronous,FIFOMode
USART1.VirtualMode-Asynchronous=VM_ASYNC
USART10.BaudRate=921600
USART10.IPParameters=VirtualMode,BaudRate
USART10.VirtualMode=VM_ASYNC
VP_IWDG1_VS_IWDG.Mode=IWDG_Activate
VP_IWDG1_VS_IWDG.Signal=IWDG1_VS_IWDG
VP_SYS_VS_Systick.Mode=SysTick
VP_SYS_VS_Systick.Signal=SYS_VS_Systick
VP_TIM12_VS_ClockSourceINT.Mode=Internal
VP_TIM12_VS_ClockSourceINT.Signal=TIM12_VS_ClockSourceINT
VP_TIM1_VS_ClockSourceINT.Mode=Internal
VP_TIM1_VS_ClockSourceINT.Signal=TIM1_VS_ClockSourceINT
VP_TIM6_VS_ClockSourceINT.Mode=Enable_Timer
VP_TIM6_VS_ClockSourceINT.Signal=TIM6_VS_ClockSourceINT
board=custom
